
Microsoft Visual Studio Solution File, Format Version 12.00
# Visual Studio Version 16
VisualStudioVersion = 16.0.31129.286
MinimumVisualStudioVersion = 10.0.40219.1
Project("{FAE04EC0-301F-11D3-BF4B-00C04F79EFBC}") = "SanyuSTYLE", "SanyuSTYLE\SanyuSTYLE.csproj", "{0F7305A9-3970-4039-855F-0C34918481DC}"
EndProject
Global
	GlobalSection(SolutionConfigurationPlatforms) = preSolution
		Debug|Any CPU = Debug|Any CPU
		Release|Any CPU = Release|Any CPU
	EndGlobalSection
	GlobalSection(ProjectConfigurationPlatforms) = postSolution
		{0F7305A9-3970-4039-855F-0C34918481DC}.Debug|Any CPU.ActiveCfg = Debug|Any CPU
		{0F7305A9-3970-4039-855F-0C34918481DC}.Debug|Any CPU.Build.0 = Debug|Any CPU
		{0F7305A9-3970-4039-855F-0C34918481DC}.Release|Any CPU.ActiveCfg = Release|Any CPU
		{0F7305A9-3970-4039-855F-0C34918481DC}.Release|Any CPU.Build.0 = Release|Any CPU
	EndGlobalSection
	GlobalSection(SolutionProperties) = preSolution
		HideSolutionNode = FALSE
	EndGlobalSection
	GlobalSection(ExtensibilityGlobals) = postSolution
		SolutionGuid = {3CF0A26E-E42C-44D0-840B-36659B4B773C}
	EndGlobalSection
EndGlobal
